
Microsoft Visual Studio Solution File, Format Version 12.00
# Visual Studio 15
VisualStudioVersion = 15.0.28307.645
MinimumVisualStudioVersion = 10.0.40219.1
Project("{FAE04EC0-301F-11D3-BF4B-00C04F79EFBC}") = "ComputeGame", "ComputeGame\ComputeGame.csproj", "{96D013B4-3976-46B1-B516-1574E62E4A5E}"
EndProject
Project("{9A19103F-16F7-4668-BE54-9A1E7A4F7556}") = "ComputeGame.MathExampleHandler", "MathExampleHandler\ComputeGame.MathExampleHandler.csproj", "{439E1C38-84D3-4694-A576-72DC013327BC}"
EndProject
Project("{9A19103F-16F7-4668-BE54-9A1E7A4F7556}") = "ComputeGame.Tester", "ComputeGame.Tester\ComputeGame.Tester.csproj", "{CE7ECDB9-AF17-4EBE-8791-DF3F2A1DB703}"
EndProject
Global
	GlobalSection(SolutionConfigurationPlatforms) = preSolution
		Debug|Any CPU = Debug|Any CPU
		Debug|x64 = Debug|x64
		Debug|x86 = Debug|x86
		Release|Any CPU = Release|Any CPU
		Release|x64 = Release|x64
		Release|x86 = Release|x86
	EndGlobalSection
	GlobalSection(ProjectConfigurationPlatforms) = postSolution
		{96D013B4-3976-46B1-B516-1574E62E4A5E}.Debug|Any CPU.ActiveCfg = Debug|Any CPU
		{96D013B4-3976-46B1-B516-1574E62E4A5E}.Debug|Any CPU.Build.0 = Debug|Any CPU
		{96D013B4-3976-46B1-B516-1574E62E4A5E}.Debug|x64.ActiveCfg = Debug|Any CPU
		{96D013B4-3976-46B1-B516-1574E62E4A5E}.Debug|x86.ActiveCfg = Debug|Any CPU
		{96D013B4-3976-46B1-B516-1574E62E4A5E}.Debug|x86.Build.0 = Debug|Any CPU
		{96D013B4-3976-46B1-B516-1574E62E4A5E}.Release|Any CPU.ActiveCfg = Release|Any CPU
		{96D013B4-3976-46B1-B516-1574E62E4A5E}.Release|Any CPU.Build.0 = Release|Any CPU
		{96D013B4-3976-46B1-B516-1574E62E4A5E}.Release|x64.ActiveCfg = Release|Any CPU
		{96D013B4-3976-46B1-B516-1574E62E4A5E}.Release|x86.ActiveCfg = Release|Any CPU
		{439E1C38-84D3-4694-A576-72DC013327BC}.Debug|Any CPU.ActiveCfg = Debug|Any CPU
		{439E1C38-84D3-4694-A576-72DC013327BC}.Debug|Any CPU.Build.0 = Debug|Any CPU
		{439E1C38-84D3-4694-A576-72DC013327BC}.Debug|x64.ActiveCfg = Debug|Any CPU
		{439E1C38-84D3-4694-A576-72DC013327BC}.Debug|x64.Build.0 = Debug|Any CPU
		{439E1C38-84D3-4694-A576-72DC013327BC}.Debug|x86.ActiveCfg = Debug|Any CPU
		{439E1C38-84D3-4694-A576-72DC013327BC}.Debug|x86.Build.0 = Debug|Any CPU
		{439E1C38-84D3-4694-A576-72DC013327BC}.Release|Any CPU.ActiveCfg = Release|Any CPU
		{439E1C38-84D3-4694-A576-72DC013327BC}.Release|Any CPU.Build.0 = Release|Any CPU
		{439E1C38-84D3-4694-A576-72DC013327BC}.Release|x64.ActiveCfg = Release|Any CPU
		{439E1C38-84D3-4694-A576-72DC013327BC}.Release|x64.Build.0 = Release|Any CPU
		{439E1C38-84D3-4694-A576-72DC013327BC}.Release|x86.ActiveCfg = Release|Any CPU
		{439E1C38-84D3-4694-A576-72DC013327BC}.Release|x86.Build.0 = Release|Any CPU
		{CE7ECDB9-AF17-4EBE-8791-DF3F2A1DB703}.Debug|Any CPU.ActiveCfg = Debug|Any CPU
		{CE7ECDB9-AF17-4EBE-8791-DF3F2A1DB703}.Debug|Any CPU.Build.0 = Debug|Any CPU
		{CE7ECDB9-AF17-4EBE-8791-DF3F2A1DB703}.Debug|x64.ActiveCfg = Debug|Any CPU
		{CE7ECDB9-AF17-4EBE-8791-DF3F2A1DB703}.Debug|x64.Build.0 = Debug|Any CPU
		{CE7ECDB9-AF17-4EBE-8791-DF3F2A1DB703}.Debug|x86.ActiveCfg = Debug|Any CPU
		{CE7ECDB9-AF17-4EBE-8791-DF3F2A1DB703}.Debug|x86.Build.0 = Debug|Any CPU
		{CE7ECDB9-AF17-4EBE-8791-DF3F2A1DB703}.Release|Any CPU.ActiveCfg = Release|Any CPU
		{CE7ECDB9-AF17-4EBE-8791-DF3F2A1DB703}.Release|Any CPU.Build.0 = Release|Any CPU
		{CE7ECDB9-AF17-4EBE-8791-DF3F2A1DB703}.Release|x64.ActiveCfg = Release|Any CPU
		{CE7ECDB9-AF17-4EBE-8791-DF3F2A1DB703}.Release|x64.Build.0 = Release|Any CPU
		{CE7ECDB9-AF17-4EBE-8791-DF3F2A1DB703}.Release|x86.ActiveCfg = Release|Any CPU
		{CE7ECDB9-AF17-4EBE-8791-DF3F2A1DB703}.Release|x86.Build.0 = Release|Any CPU
	EndGlobalSection
	GlobalSection(SolutionProperties) = preSolution
		HideSolutionNode = FALSE
	EndGlobalSection
	GlobalSection(ExtensibilityGlobals) = postSolution
		SolutionGuid = {D79EB261-8E9B-4C68-A825-5BF03DB9D08F}
	EndGlobalSection
EndGlobal
